# This file is generated by running "yarn install" inside your project.
# Manual changes might be lost - proceed with caution!

__metadata:
  version: 8
  cacheKey: 10c0

"@types/debug@npm:^4.0.0":
  version: 4.1.12
  resolution: "@types/debug@npm:4.1.12"
  dependencies:
    "@types/ms": "npm:*"
  checksum: 10c0/5dcd465edbb5a7f226e9a5efd1f399c6172407ef5840686b73e3608ce135eeca54ae8037dcd9f16bdb2768ac74925b820a8b9ecc588a58ca09eca6acabe33e2f
  languageName: node
  linkType: hard

"@types/mdast@npm:^4.0.0":
  version: 4.0.4
  resolution: "@types/mdast@npm:4.0.4"
  dependencies:
    "@types/unist": "npm:*"
  checksum: 10c0/84f403dbe582ee508fd9c7643ac781ad8597fcbfc9ccb8d4715a2c92e4545e5772cbd0dbdf18eda65789386d81b009967fdef01b24faf6640f817287f54d9c82
  languageName: node
  linkType: hard

"@types/ms@npm:*":
  version: 0.7.34
  resolution: "@types/ms@npm:0.7.34"
  checksum: 10c0/ac80bd90012116ceb2d188fde62d96830ca847823e8ca71255616bc73991aa7d9f057b8bfab79e8ee44ffefb031ddd1bcce63ea82f9e66f7c31ec02d2d823ccc
  languageName: node
  linkType: hard

"@types/unist@npm:*, @types/unist@npm:^3.0.0":
  version: 3.0.3
  resolution: "@types/unist@npm:3.0.3"
  checksum: 10c0/2b1e4adcab78388e088fcc3c0ae8700f76619dbcb4741d7d201f87e2cb346bfc29a89003cfea2d76c996e1061452e14fcd737e8b25aacf949c1f2d6b2bc3dd60
  languageName: node
  linkType: hard

"ansi-regex@npm:^2.0.0":
  version: 2.1.1
  resolution: "ansi-regex@npm:2.1.1"
  checksum: 10c0/78cebaf50bce2cb96341a7230adf28d804611da3ce6bf338efa7b72f06cc6ff648e29f80cd95e582617ba58d5fdbec38abfeed3500a98bce8381a9daec7c548b
  languageName: node
  linkType: hard

"ansi-styles@npm:^2.2.1":
  version: 2.2.1
  resolution: "ansi-styles@npm:2.2.1"
  checksum: 10c0/7c68aed4f1857389e7a12f85537ea5b40d832656babbf511cc7ecd9efc52889b9c3e5653a71a6aade783c3c5e0aa223ad4ff8e83c27ac8a666514e6c79068cab
  languageName: node
  linkType: hard

"bail@npm:^2.0.0":
  version: 2.0.2
  resolution: "bail@npm:2.0.2"
  checksum: 10c0/25cbea309ef6a1f56214187004e8f34014eb015713ea01fa5b9b7e9e776ca88d0fdffd64143ac42dc91966c915a4b7b683411b56e14929fad16153fc026ffb8b
  languageName: node
  linkType: hard

"chalk@npm:^1.0.0":
  version: 1.1.3
  resolution: "chalk@npm:1.1.3"
  dependencies:
    ansi-styles: "npm:^2.2.1"
    escape-string-regexp: "npm:^1.0.2"
    has-ansi: "npm:^2.0.0"
    strip-ansi: "npm:^3.0.0"
    supports-color: "npm:^2.0.0"
  checksum: 10c0/28c3e399ec286bb3a7111fd4225ebedb0d7b813aef38a37bca7c498d032459c265ef43404201d5fbb8d888d29090899c95335b4c0cda13e8b126ff15c541cef8
  languageName: node
  linkType: hard

"character-entities@npm:^2.0.0":
  version: 2.0.2
  resolution: "character-entities@npm:2.0.2"
  checksum: 10c0/b0c645a45bcc90ff24f0e0140f4875a8436b8ef13b6bcd31ec02cfb2ca502b680362aa95386f7815bdc04b6464d48cf191210b3840d7c04241a149ede591a308
  languageName: node
  linkType: hard

"csv-parser@npm:^2.3.0":
  version: 2.3.5
  resolution: "csv-parser@npm:2.3.5"
  dependencies:
    minimist: "npm:^1.2.0"
    through2: "npm:^3.0.1"
  bin:
    csv-parser: bin/csv-parser
  checksum: 10c0/f38db17b2adced3ef4b8f8bf312ec2530e0e38da1e74f23b3588d12bc8b5b520787b9aef4af282b3adb1f9da9ff8ca0e7c36150555c77d296ad0d0ef14b8e201
  languageName: node
  linkType: hard

"csv2json@npm:^2.0.2":
  version: 2.0.2
  resolution: "csv2json@npm:2.0.2"
  dependencies:
    csv-parser: "npm:^2.3.0"
    exec-promise: "npm:^0.7.0"
    minimist: "npm:^1.2.0"
    promise-toolbox: "npm:^0.14.0"
    pump: "npm:^3.0.0"
    pumpify: "npm:^2.0.0"
    strip-bom-stream: "npm:^4.0.0"
    through2: "npm:^3.0.1"
  bin:
    csv2json: cli.js
  checksum: 10c0/edbf09bb8f37715a651fdcf874270efc1bb32ac36287cd7a0838bba88e19e302a9456782cea83a5f96369ee1041088d4ef1889e46e6c3aac7bd37a387bfbc21a
  languageName: node
  linkType: hard

"debug@npm:^4.0.0":
  version: 4.3.7
  resolution: "debug@npm:4.3.7"
  dependencies:
    ms: "npm:^2.1.3"
  peerDependenciesMeta:
    supports-color:
      optional: true
  checksum: 10c0/1471db19c3b06d485a622d62f65947a19a23fbd0dd73f7fd3eafb697eec5360cde447fb075919987899b1a2096e85d35d4eb5a4de09a57600ac9cf7e6c8e768b
  languageName: node
  linkType: hard

"decode-named-character-reference@npm:^1.0.0":
  version: 1.0.2
  resolution: "decode-named-character-reference@npm:1.0.2"
  dependencies:
    character-entities: "npm:^2.0.0"
  checksum: 10c0/66a9fc5d9b5385a2b3675c69ba0d8e893393d64057f7dbbb585265bb4fc05ec513d76943b8e5aac7d8016d20eea4499322cbf4cd6d54b466976b78f3a7587a4c
  languageName: node
  linkType: hard

"dequal@npm:^2.0.0":
  version: 2.0.3
  resolution: "dequal@npm:2.0.3"
  checksum: 10c0/f98860cdf58b64991ae10205137c0e97d384c3a4edc7f807603887b7c4b850af1224a33d88012009f150861cbee4fa2d322c4cc04b9313bee312e47f6ecaa888
  languageName: node
  linkType: hard

"devlop@npm:^1.0.0":
  version: 1.1.0
  resolution: "devlop@npm:1.1.0"
  dependencies:
    dequal: "npm:^2.0.0"
  checksum: 10c0/e0928ab8f94c59417a2b8389c45c55ce0a02d9ac7fd74ef62d01ba48060129e1d594501b77de01f3eeafc7cb00773819b0df74d96251cf20b31c5b3071f45c0e
  languageName: node
  linkType: hard

"duplexify@npm:^4.1.1":
  version: 4.1.3
  resolution: "duplexify@npm:4.1.3"
  dependencies:
    end-of-stream: "npm:^1.4.1"
    inherits: "npm:^2.0.3"
    readable-stream: "npm:^3.1.1"
    stream-shift: "npm:^1.0.2"
  checksum: 10c0/8a7621ae95c89f3937f982fe36d72ea997836a708471a75bb2a0eecde3330311b1e128a6dad510e0fd64ace0c56bff3484ed2e82af0e465600c82117eadfbda5
  languageName: node
  linkType: hard

"end-of-stream@npm:^1.1.0, end-of-stream@npm:^1.4.1":
  version: 1.4.4
  resolution: "end-of-stream@npm:1.4.4"
  dependencies:
    once: "npm:^1.4.0"
  checksum: 10c0/870b423afb2d54bb8d243c63e07c170409d41e20b47eeef0727547aea5740bd6717aca45597a9f2745525667a6b804c1e7bede41f856818faee5806dd9ff3975
  languageName: node
  linkType: hard

"escape-string-regexp@npm:^1.0.2":
  version: 1.0.5
  resolution: "escape-string-regexp@npm:1.0.5"
  checksum: 10c0/a968ad453dd0c2724e14a4f20e177aaf32bb384ab41b674a8454afe9a41c5e6fe8903323e0a1052f56289d04bd600f81278edf140b0fcc02f5cac98d0f5b5371
  languageName: node
  linkType: hard

"exec-promise@npm:^0.7.0":
  version: 0.7.0
  resolution: "exec-promise@npm:0.7.0"
  dependencies:
    log-symbols: "npm:^1.0.2"
  checksum: 10c0/a1fd655d9a51ba9d253a3d034163a206bce702b69c3ccd2d994120549807bc799f220e2df7aea8d8b2b1a847579db60fbf9dcc982191dd9dc999cd53806191a6
  languageName: node
  linkType: hard

"extend@npm:^3.0.0":
  version: 3.0.2
  resolution: "extend@npm:3.0.2"
  checksum: 10c0/73bf6e27406e80aa3e85b0d1c4fd987261e628064e170ca781125c0b635a3dabad5e05adbf07595ea0cf1e6c5396cacb214af933da7cbaf24fe75ff14818e8f9
  languageName: node
  linkType: hard

"first-chunk-stream@npm:^3.0.0":
  version: 3.0.0
  resolution: "first-chunk-stream@npm:3.0.0"
  checksum: 10c0/d79280e6e500762485381179925c968d6b27679ada909d106c65de2def9f485eaa4fffb40b3fb51237a9c306da72fe7c107857531dc44e46f0f8b6deb348c925
  languageName: node
  linkType: hard

"has-ansi@npm:^2.0.0":
  version: 2.0.0
  resolution: "has-ansi@npm:2.0.0"
  dependencies:
    ansi-regex: "npm:^2.0.0"
  checksum: 10c0/f54e4887b9f8f3c4bfefd649c48825b3c093987c92c27880ee9898539e6f01aed261e82e73153c3f920fde0db5bf6ebd58deb498ed1debabcb4bc40113ccdf05
  languageName: node
  linkType: hard

"inherits@npm:^2.0.3, inherits@npm:^2.0.4":
  version: 2.0.4
  resolution: "inherits@npm:2.0.4"
  checksum: 10c0/4e531f648b29039fb7426fb94075e6545faa1eb9fe83c29f0b6d9e7263aceb4289d2d4557db0d428188eeb449cc7c5e77b0a0b2c4e248ff2a65933a0dee49ef2
  languageName: node
  linkType: hard

"is-plain-obj@npm:^4.0.0":
  version: 4.1.0
  resolution: "is-plain-obj@npm:4.1.0"
  checksum: 10c0/32130d651d71d9564dc88ba7e6fda0e91a1010a3694648e9f4f47bb6080438140696d3e3e15c741411d712e47ac9edc1a8a9de1fe76f3487b0d90be06ac9975e
  languageName: node
  linkType: hard

"is-utf8@npm:^0.2.1":
  version: 0.2.1
  resolution: "is-utf8@npm:0.2.1"
  checksum: 10c0/3ed45e5b4ddfa04ed7e32c63d29c61b980ecd6df74698f45978b8c17a54034943bcbffb6ae243202e799682a66f90fef526f465dd39438745e9fe70794c1ef09
  languageName: node
  linkType: hard

"log-symbols@npm:^1.0.2":
  version: 1.0.2
  resolution: "log-symbols@npm:1.0.2"
  dependencies:
    chalk: "npm:^1.0.0"
  checksum: 10c0/c64e1fe41d0d043840f8b592d043b8607a836b846506f525a53d99d578561f02f97b2cba1d2b3c30bae5311d64b308d5a392a9930d252b906a9042fc2877da7a
  languageName: node
  linkType: hard

"longest-streak@npm:^3.0.0":
  version: 3.1.0
  resolution: "longest-streak@npm:3.1.0"
  checksum: 10c0/7c2f02d0454b52834d1bcedef79c557bd295ee71fdabb02d041ff3aa9da48a90b5df7c0409156dedbc4df9b65da18742652aaea4759d6ece01f08971af6a7eaa
  languageName: node
  linkType: hard

"make-error@npm:^1.3.2":
  version: 1.3.6
  resolution: "make-error@npm:1.3.6"
  checksum: 10c0/171e458d86854c6b3fc46610cfacf0b45149ba043782558c6875d9f42f222124384ad0b468c92e996d815a8a2003817a710c0a160e49c1c394626f76fa45396f
  languageName: node
  linkType: hard

"mdast-util-from-markdown@npm:^2.0.0":
  version: 2.0.1
  resolution: "mdast-util-from-markdown@npm:2.0.1"
  dependencies:
    "@types/mdast": "npm:^4.0.0"
    "@types/unist": "npm:^3.0.0"
    decode-named-character-reference: "npm:^1.0.0"
    devlop: "npm:^1.0.0"
    mdast-util-to-string: "npm:^4.0.0"
    micromark: "npm:^4.0.0"
    micromark-util-decode-numeric-character-reference: "npm:^2.0.0"
    micromark-util-decode-string: "npm:^2.0.0"
    micromark-util-normalize-identifier: "npm:^2.0.0"
    micromark-util-symbol: "npm:^2.0.0"
    micromark-util-types: "npm:^2.0.0"
    unist-util-stringify-position: "npm:^4.0.0"
  checksum: 10c0/496596bc6419200ff6258531a0ebcaee576a5c169695f5aa296a79a85f2a221bb9247d565827c709a7c2acfb56ae3c3754bf483d86206617bd299a9658c8121c
  languageName: node
  linkType: hard

"mdast-util-phrasing@npm:^4.0.0":
  version: 4.1.0
  resolution: "mdast-util-phrasing@npm:4.1.0"
  dependencies:
    "@types/mdast": "npm:^4.0.0"
    unist-util-is: "npm:^6.0.0"
  checksum: 10c0/bf6c31d51349aa3d74603d5e5a312f59f3f65662ed16c58017169a5fb0f84ca98578f626c5ee9e4aa3e0a81c996db8717096705521bddb4a0185f98c12c9b42f
  languageName: node
  linkType: hard

"mdast-util-to-markdown@npm:^2.0.0":
  version: 2.1.0
  resolution: "mdast-util-to-markdown@npm:2.1.0"
  dependencies:
    "@types/mdast": "npm:^4.0.0"
    "@types/unist": "npm:^3.0.0"
    longest-streak: "npm:^3.0.0"
    mdast-util-phrasing: "npm:^4.0.0"
    mdast-util-to-string: "npm:^4.0.0"
    micromark-util-decode-string: "npm:^2.0.0"
    unist-util-visit: "npm:^5.0.0"
    zwitch: "npm:^2.0.0"
  checksum: 10c0/8bd37a9627a438ef6418d6642661904d0cc03c5c732b8b018a8e238ef5cc82fe8aef1940b19c6f563245e58b9659f35e527209bd3fe145f3c723ba14d18fc3e6
  languageName: node
  linkType: hard

"mdast-util-to-string@npm:^4.0.0":
  version: 4.0.0
  resolution: "mdast-util-to-string@npm:4.0.0"
  dependencies:
    "@types/mdast": "npm:^4.0.0"
  checksum: 10c0/2d3c1af29bf3fe9c20f552ee9685af308002488f3b04b12fa66652c9718f66f41a32f8362aa2d770c3ff464c034860b41715902ada2306bb0a055146cef064d7
  languageName: node
  linkType: hard

"micromark-core-commonmark@npm:^2.0.0":
  version: 2.0.1
  resolution: "micromark-core-commonmark@npm:2.0.1"
  dependencies:
    decode-named-character-reference: "npm:^1.0.0"
    devlop: "npm:^1.0.0"
    micromark-factory-destination: "npm:^2.0.0"
    micromark-factory-label: "npm:^2.0.0"
    micromark-factory-space: "npm:^2.0.0"
    micromark-factory-title: "npm:^2.0.0"
    micromark-factory-whitespace: "npm:^2.0.0"
    micromark-util-character: "npm:^2.0.0"
    micromark-util-chunked: "npm:^2.0.0"
    micromark-util-classify-character: "npm:^2.0.0"
    micromark-util-html-tag-name: "npm:^2.0.0"
    micromark-util-normalize-identifier: "npm:^2.0.0"
    micromark-util-resolve-all: "npm:^2.0.0"
    micromark-util-subtokenize: "npm:^2.0.0"
    micromark-util-symbol: "npm:^2.0.0"
    micromark-util-types: "npm:^2.0.0"
  checksum: 10c0/a0b280b1b6132f600518e72cb29a4dd1b2175b85f5ed5b25d2c5695e42b876b045971370daacbcfc6b4ce8cf7acbf78dd3a0284528fb422b450144f4b3bebe19
  languageName: node
  linkType: hard

"micromark-factory-destination@npm:^2.0.0":
  version: 2.0.0
  resolution: "micromark-factory-destination@npm:2.0.0"
  dependencies:
    micromark-util-character: "npm:^2.0.0"
    micromark-util-symbol: "npm:^2.0.0"
    micromark-util-types: "npm:^2.0.0"
  checksum: 10c0/b73492f687d41a6a379159c2f3acbf813042346bcea523d9041d0cc6124e6715f0779dbb2a0b3422719e9764c3b09f9707880aa159557e3cb4aeb03b9d274915
  languageName: node
  linkType: hard

"micromark-factory-label@npm:^2.0.0":
  version: 2.0.0
  resolution: "micromark-factory-label@npm:2.0.0"
  dependencies:
    devlop: "npm:^1.0.0"
    micromark-util-character: "npm:^2.0.0"
    micromark-util-symbol: "npm:^2.0.0"
    micromark-util-types: "npm:^2.0.0"
  checksum: 10c0/8ffad00487a7891941b1d1f51d53a33c7a659dcf48617edb7a4008dad7aff67ec316baa16d55ca98ae3d75ce1d81628dbf72fedc7c6f108f740dec0d5d21c8ee
  languageName: node
  linkType: hard

"micromark-factory-space@npm:^2.0.0":
  version: 2.0.0
  resolution: "micromark-factory-space@npm:2.0.0"
  dependencies:
    micromark-util-character: "npm:^2.0.0"
    micromark-util-types: "npm:^2.0.0"
  checksum: 10c0/103ca954dade963d4ff1d2f27d397833fe855ddc72590205022832ef68b775acdea67949000cee221708e376530b1de78c745267b0bf8366740840783eb37122
  languageName: node
  linkType: hard

"micromark-factory-title@npm:^2.0.0":
  version: 2.0.0
  resolution: "micromark-factory-title@npm:2.0.0"
  dependencies:
    micromark-factory-space: "npm:^2.0.0"
    micromark-util-character: "npm:^2.0.0"
    micromark-util-symbol: "npm:^2.0.0"
    micromark-util-types: "npm:^2.0.0"
  checksum: 10c0/2b2188e7a011b1b001faf8c860286d246d5c3485ef8819270c60a5808f4c7613e49d4e481dbdff62600ef7acdba0f5100be2d125cbd2a15e236c26b3668a8ebd
  languageName: node
  linkType: hard

"micromark-factory-whitespace@npm:^2.0.0":
  version: 2.0.0
  resolution: "micromark-factory-whitespace@npm:2.0.0"
  dependencies:
    micromark-factory-space: "npm:^2.0.0"
    micromark-util-character: "npm:^2.0.0"
    micromark-util-symbol: "npm:^2.0.0"
    micromark-util-types: "npm:^2.0.0"
  checksum: 10c0/4e91baab0cc71873095134bd0e225d01d9786cde352701402d71b72d317973954754e8f9f1849901f165530e6421202209f4d97c460a27bb0808ec5a3fc3148c
  languageName: node
  linkType: hard

"micromark-util-character@npm:^2.0.0":
  version: 2.1.0
  resolution: "micromark-util-character@npm:2.1.0"
  dependencies:
    micromark-util-symbol: "npm:^2.0.0"
    micromark-util-types: "npm:^2.0.0"
  checksum: 10c0/fc37a76aaa5a5138191ba2bef1ac50c36b3bcb476522e98b1a42304ab4ec76f5b036a746ddf795d3de3e7004b2c09f21dd1bad42d161f39b8cfc0acd067e6373
  languageName: node
  linkType: hard

"micromark-util-chunked@npm:^2.0.0":
  version: 2.0.0
  resolution: "micromark-util-chunked@npm:2.0.0"
  dependencies:
    micromark-util-symbol: "npm:^2.0.0"
  checksum: 10c0/043b5f2abc8c13a1e2e4c378ead191d1a47ed9e0cd6d0fa5a0a430b2df9e17ada9d5de5a20688a000bbc5932507e746144acec60a9589d9a79fa60918e029203
  languageName: node
  linkType: hard

"micromark-util-classify-character@npm:^2.0.0":
  version: 2.0.0
  resolution: "micromark-util-classify-character@npm:2.0.0"
  dependencies:
    micromark-util-character: "npm:^2.0.0"
    micromark-util-symbol: "npm:^2.0.0"
    micromark-util-types: "npm:^2.0.0"
  checksum: 10c0/2bf5fa5050faa9b69f6c7e51dbaaf02329ab70fabad8229984381b356afbbf69db90f4617bec36d814a7d285fb7cad8e3c4e38d1daf4387dc9e240aa7f9a292a
  languageName: node
  linkType: hard

"micromark-util-combine-extensions@npm:^2.0.0":
  version: 2.0.0
  resolution: "micromark-util-combine-extensions@npm:2.0.0"
  dependencies:
    micromark-util-chunked: "npm:^2.0.0"
    micromark-util-types: "npm:^2.0.0"
  checksum: 10c0/cd4c8d1a85255527facb419ff3b3cc3d7b7f27005c5ef5fa7ef2c4d0e57a9129534fc292a188ec2d467c2c458642d369c5f894bc8a9e142aed6696cc7989d3ea
  languageName: node
  linkType: hard

"micromark-util-decode-numeric-character-reference@npm:^2.0.0":
  version: 2.0.1
  resolution: "micromark-util-decode-numeric-character-reference@npm:2.0.1"
  dependencies:
    micromark-util-symbol: "npm:^2.0.0"
  checksum: 10c0/3f6d684ee8f317c67806e19b3e761956256cb936a2e0533aad6d49ac5604c6536b2041769c6febdd387ab7175b7b7e551851bf2c1f78da943e7a3671ca7635ac
  languageName: node
  linkType: hard

"micromark-util-decode-string@npm:^2.0.0":
  version: 2.0.0
  resolution: "micromark-util-decode-string@npm:2.0.0"
  dependencies:
    decode-named-character-reference: "npm:^1.0.0"
    micromark-util-character: "npm:^2.0.0"
    micromark-util-decode-numeric-character-reference: "npm:^2.0.0"
    micromark-util-symbol: "npm:^2.0.0"
  checksum: 10c0/f5413bebb21bdb686cfa1bcfa7e9c93093a523d1b42443ead303b062d2d680a94e5e8424549f57b8ba9d786a758e5a26a97f56068991bbdbca5d1885b3aa7227
  languageName: node
  linkType: hard

"micromark-util-encode@npm:^2.0.0":
  version: 2.0.0
  resolution: "micromark-util-encode@npm:2.0.0"
  checksum: 10c0/ebdaafff23100bbf4c74e63b4b1612a9ddf94cd7211d6a076bc6fb0bc32c1b48d6fb615aa0953e607c62c97d849f97f1042260d3eb135259d63d372f401bbbb2
  languageName: node
  linkType: hard

"micromark-util-html-tag-name@npm:^2.0.0":
  version: 2.0.0
  resolution: "micromark-util-html-tag-name@npm:2.0.0"
  checksum: 10c0/988aa26367449bd345b627ae32cf605076daabe2dc1db71b578a8a511a47123e14af466bcd6dcbdacec60142f07bc2723ec5f7a0eed0f5319ce83b5e04825429
  languageName: node
  linkType: hard

"micromark-util-normalize-identifier@npm:^2.0.0":
  version: 2.0.0
  resolution: "micromark-util-normalize-identifier@npm:2.0.0"
  dependencies:
    micromark-util-symbol: "npm:^2.0.0"
  checksum: 10c0/93bf8789b8449538f22cf82ac9b196363a5f3b2f26efd98aef87c4c1b1f8c05be3ef6391ff38316ff9b03c1a6fd077342567598019ddd12b9bd923dacc556333
  languageName: node
  linkType: hard

"micromark-util-resolve-all@npm:^2.0.0":
  version: 2.0.0
  resolution: "micromark-util-resolve-all@npm:2.0.0"
  dependencies:
    micromark-util-types: "npm:^2.0.0"
  checksum: 10c0/3b912e88453dcefe728a9080c8934a75ac4732056d6576ceecbcaf97f42c5d6fa2df66db8abdc8427eb167c5ffddefe26713728cfe500bc0e314ed260d6e2746
  languageName: node
  linkType: hard

"micromark-util-sanitize-uri@npm:^2.0.0":
  version: 2.0.0
  resolution: "micromark-util-sanitize-uri@npm:2.0.0"
  dependencies:
    micromark-util-character: "npm:^2.0.0"
    micromark-util-encode: "npm:^2.0.0"
    micromark-util-symbol: "npm:^2.0.0"
  checksum: 10c0/74763ca1c927dd520d3ab8fd9856a19740acf76fc091f0a1f5d4e99c8cd5f1b81c5a0be3efb564941a071fb6d85fd951103f2760eb6cff77b5ab3abe08341309
  languageName: node
  linkType: hard

"micromark-util-subtokenize@npm:^2.0.0":
  version: 2.0.1
  resolution: "micromark-util-subtokenize@npm:2.0.1"
  dependencies:
    devlop: "npm:^1.0.0"
    micromark-util-chunked: "npm:^2.0.0"
    micromark-util-symbol: "npm:^2.0.0"
    micromark-util-types: "npm:^2.0.0"
  checksum: 10c0/000cefde827db129f4ed92b8fbdeb4866c5f9c93068c0115485564b0426abcb9058080aa257df9035e12ca7fa92259d66623ea750b9eb3bcdd8325d3fb6fc237
  languageName: node
  linkType: hard

"micromark-util-symbol@npm:^2.0.0":
  version: 2.0.0
  resolution: "micromark-util-symbol@npm:2.0.0"
  checksum: 10c0/4e76186c185ce4cefb9cea8584213d9ffacd77099d1da30c0beb09fa21f46f66f6de4c84c781d7e34ff763fe3a06b530e132fa9004882afab9e825238d0aa8b3
  languageName: node
  linkType: hard

"micromark-util-types@npm:^2.0.0":
  version: 2.0.0
  resolution: "micromark-util-types@npm:2.0.0"
  checksum: 10c0/d74e913b9b61268e0d6939f4209e3abe9dada640d1ee782419b04fd153711112cfaaa3c4d5f37225c9aee1e23c3bb91a1f5223e1e33ba92d33e83956a53e61de
  languageName: node
  linkType: hard

"micromark@npm:^4.0.0":
  version: 4.0.0
  resolution: "micromark@npm:4.0.0"
  dependencies:
    "@types/debug": "npm:^4.0.0"
    debug: "npm:^4.0.0"
    decode-named-character-reference: "npm:^1.0.0"
    devlop: "npm:^1.0.0"
    micromark-core-commonmark: "npm:^2.0.0"
    micromark-factory-space: "npm:^2.0.0"
    micromark-util-character: "npm:^2.0.0"
    micromark-util-chunked: "npm:^2.0.0"
    micromark-util-combine-extensions: "npm:^2.0.0"
    micromark-util-decode-numeric-character-reference: "npm:^2.0.0"
    micromark-util-encode: "npm:^2.0.0"
    micromark-util-normalize-identifier: "npm:^2.0.0"
    micromark-util-resolve-all: "npm:^2.0.0"
    micromark-util-sanitize-uri: "npm:^2.0.0"
    micromark-util-subtokenize: "npm:^2.0.0"
    micromark-util-symbol: "npm:^2.0.0"
    micromark-util-types: "npm:^2.0.0"
  checksum: 10c0/7e91c8d19ff27bc52964100853f1b3b32bb5b2ece57470a34ba1b2f09f4e2a183d90106c4ae585c9f2046969ee088576fed79b2f7061cba60d16652ccc2c64fd
  languageName: node
  linkType: hard

"minimist@npm:^1.2.0":
  version: 1.2.8
  resolution: "minimist@npm:1.2.8"
  checksum: 10c0/19d3fcdca050087b84c2029841a093691a91259a47def2f18222f41e7645a0b7c44ef4b40e88a1e58a40c84d2ef0ee6047c55594d298146d0eb3f6b737c20ce6
  languageName: node
  linkType: hard

"ms@npm:^2.1.3":
  version: 2.1.3
  resolution: "ms@npm:2.1.3"
  checksum: 10c0/d924b57e7312b3b63ad21fc5b3dc0af5e78d61a1fc7cfb5457edaf26326bf62be5307cc87ffb6862ef1c2b33b0233cdb5d4f01c4c958cc0d660948b65a287a48
  languageName: node
  linkType: hard

"nodenetwork@workspace:.":
  version: 0.0.0-use.local
  resolution: "nodenetwork@workspace:."
  dependencies:
    csv2json: "npm:^2.0.2"
    remark: "npm:^15.0.1"
    uuid: "npm:^10.0.0"
  languageName: unknown
  linkType: soft

"once@npm:^1.3.1, once@npm:^1.4.0":
  version: 1.4.0
  resolution: "once@npm:1.4.0"
  dependencies:
    wrappy: "npm:1"
  checksum: 10c0/5d48aca287dfefabd756621c5dfce5c91a549a93e9fdb7b8246bc4c4790aa2ec17b34a260530474635147aeb631a2dcc8b32c613df0675f96041cbb8244517d0
  languageName: node
  linkType: hard

"promise-toolbox@npm:^0.14.0":
  version: 0.14.0
  resolution: "promise-toolbox@npm:0.14.0"
  dependencies:
    make-error: "npm:^1.3.2"
  checksum: 10c0/4697859b886045571123888f83f8d85ef0c9ae8ea53d5bb85c4442adfc17763a2370a98715fbf14691a12808beea7ba1bacfb7a1a8048e537b3b43496eae7476
  languageName: node
  linkType: hard

"pump@npm:^3.0.0":
  version: 3.0.2
  resolution: "pump@npm:3.0.2"
  dependencies:
    end-of-stream: "npm:^1.1.0"
    once: "npm:^1.3.1"
  checksum: 10c0/5ad655cb2a7738b4bcf6406b24ad0970d680649d996b55ad20d1be8e0c02394034e4c45ff7cd105d87f1e9b96a0e3d06fd28e11fae8875da26e7f7a8e2c9726f
  languageName: node
  linkType: hard

"pumpify@npm:^2.0.0":
  version: 2.0.1
  resolution: "pumpify@npm:2.0.1"
  dependencies:
    duplexify: "npm:^4.1.1"
    inherits: "npm:^2.0.3"
    pump: "npm:^3.0.0"
  checksum: 10c0/f9c12190dc65f8c347fe82e993708e4d14ce82c96f7cbd24b52f488cfa4dbc2ebbcc49e0f54655f1ca118fea59ddeec6ca5a34ef45558c8bb1de2f1ffa307198
  languageName: node
  linkType: hard

"readable-stream@npm:2 || 3, readable-stream@npm:^3.1.1":
  version: 3.6.2
  resolution: "readable-stream@npm:3.6.2"
  dependencies:
    inherits: "npm:^2.0.3"
    string_decoder: "npm:^1.1.1"
    util-deprecate: "npm:^1.0.1"
  checksum: 10c0/e37be5c79c376fdd088a45fa31ea2e423e5d48854be7a22a58869b4e84d25047b193f6acb54f1012331e1bcd667ffb569c01b99d36b0bd59658fb33f513511b7
  languageName: node
  linkType: hard

"remark-parse@npm:^11.0.0":
  version: 11.0.0
  resolution: "remark-parse@npm:11.0.0"
  dependencies:
    "@types/mdast": "npm:^4.0.0"
    mdast-util-from-markdown: "npm:^2.0.0"
    micromark-util-types: "npm:^2.0.0"
    unified: "npm:^11.0.0"
  checksum: 10c0/6eed15ddb8680eca93e04fcb2d1b8db65a743dcc0023f5007265dda558b09db595a087f622062ccad2630953cd5cddc1055ce491d25a81f3317c858348a8dd38
  languageName: node
  linkType: hard

"remark-stringify@npm:^11.0.0":
  version: 11.0.0
  resolution: "remark-stringify@npm:11.0.0"
  dependencies:
    "@types/mdast": "npm:^4.0.0"
    mdast-util-to-markdown: "npm:^2.0.0"
    unified: "npm:^11.0.0"
  checksum: 10c0/0cdb37ce1217578f6f847c7ec9f50cbab35df5b9e3903d543e74b405404e67c07defcb23cd260a567b41b769400f6de03c2c3d9cd6ae7a6707d5c8d89ead489f
  languageName: node
  linkType: hard

"remark@npm:^15.0.1":
  version: 15.0.1
  resolution: "remark@npm:15.0.1"
  dependencies:
    "@types/mdast": "npm:^4.0.0"
    remark-parse: "npm:^11.0.0"
    remark-stringify: "npm:^11.0.0"
    unified: "npm:^11.0.0"
  checksum: 10c0/ba675e4a5b114355991d2c6f5b09a632121fc8825257b0d148b3938420713f9e9b6f012120604435d5c217d42742f60195ac6f898dc1339d313a6608a84dbc49
  languageName: node
  linkType: hard

"safe-buffer@npm:~5.2.0":
  version: 5.2.1
  resolution: "safe-buffer@npm:5.2.1"
  checksum: 10c0/6501914237c0a86e9675d4e51d89ca3c21ffd6a31642efeba25ad65720bce6921c9e7e974e5be91a786b25aa058b5303285d3c15dbabf983a919f5f630d349f3
  languageName: node
  linkType: hard

"stream-shift@npm:^1.0.2":
  version: 1.0.3
  resolution: "stream-shift@npm:1.0.3"
  checksum: 10c0/939cd1051ca750d240a0625b106a2b988c45fb5a3be0cebe9a9858cb01bc1955e8c7b9fac17a9462976bea4a7b704e317c5c2200c70f0ca715a3363b9aa4fd3b
  languageName: node
  linkType: hard

"string_decoder@npm:^1.1.1":
  version: 1.3.0
  resolution: "string_decoder@npm:1.3.0"
  dependencies:
    safe-buffer: "npm:~5.2.0"
  checksum: 10c0/810614ddb030e271cd591935dcd5956b2410dd079d64ff92a1844d6b7588bf992b3e1b69b0f4d34a3e06e0bd73046ac646b5264c1987b20d0601f81ef35d731d
  languageName: node
  linkType: hard

"strip-ansi@npm:^3.0.0":
  version: 3.0.1
  resolution: "strip-ansi@npm:3.0.1"
  dependencies:
    ansi-regex: "npm:^2.0.0"
  checksum: 10c0/f6e7fbe8e700105dccf7102eae20e4f03477537c74b286fd22cfc970f139002ed6f0d9c10d0e21aa9ed9245e0fa3c9275930e8795c5b947da136e4ecb644a70f
  languageName: node
  linkType: hard

"strip-bom-buf@npm:^2.0.0":
  version: 2.0.0
  resolution: "strip-bom-buf@npm:2.0.0"
  dependencies:
    is-utf8: "npm:^0.2.1"
  checksum: 10c0/4b38299e949a3c893f10bd3ad33fd6c08df44ebbb4d88f64831bcd5c18b420545f70691fd3869b0787d1a5cdce68813586d928cd99ddc71fcec109a206ac02ac
  languageName: node
  linkType: hard

"strip-bom-stream@npm:^4.0.0":
  version: 4.0.0
  resolution: "strip-bom-stream@npm:4.0.0"
  dependencies:
    first-chunk-stream: "npm:^3.0.0"
    strip-bom-buf: "npm:^2.0.0"
  checksum: 10c0/47ce9fcdb87d1ddac1fdd287ad3ed405f463e42a60b55d5a07697f111055b219eb50bb9c148ed44f3c47612ab9dc8c9e9b6a6d0eb07339f8803ff5961488936c
  languageName: node
  linkType: hard

"supports-color@npm:^2.0.0":
  version: 2.0.0
  resolution: "supports-color@npm:2.0.0"
  checksum: 10c0/570e0b63be36cccdd25186350a6cb2eaad332a95ff162fa06d9499982315f2fe4217e69dd98e862fbcd9c81eaff300a825a1fe7bf5cc752e5b84dfed042b0dda
  languageName: node
  linkType: hard

"through2@npm:^3.0.1":
  version: 3.0.2
  resolution: "through2@npm:3.0.2"
  dependencies:
    inherits: "npm:^2.0.4"
    readable-stream: "npm:2 || 3"
  checksum: 10c0/8ea17efa2ce5b78ef5c52d08e29d0dbdad9c321c2add5192bba3434cae25b2319bf9cdac1c54c3bfbd721438a30565ca6f3f19eb79f62341dafc5a12429d2ccc
  languageName: node
  linkType: hard

"trough@npm:^2.0.0":
  version: 2.2.0
  resolution: "trough@npm:2.2.0"
  checksum: 10c0/58b671fc970e7867a48514168894396dd94e6d9d6456aca427cc299c004fe67f35ed7172a36449086b2edde10e78a71a284ec0076809add6834fb8f857ccb9b0
  languageName: node
  linkType: hard

"unified@npm:^11.0.0":
  version: 11.0.5
  resolution: "unified@npm:11.0.5"
  dependencies:
    "@types/unist": "npm:^3.0.0"
    bail: "npm:^2.0.0"
    devlop: "npm:^1.0.0"
    extend: "npm:^3.0.0"
    is-plain-obj: "npm:^4.0.0"
    trough: "npm:^2.0.0"
    vfile: "npm:^6.0.0"
  checksum: 10c0/53c8e685f56d11d9d458a43e0e74328a4d6386af51c8ac37a3dcabec74ce5026da21250590d4aff6733ccd7dc203116aae2b0769abc18cdf9639a54ae528dfc9
  languageName: node
  linkType: hard

"unist-util-is@npm:^6.0.0":
  version: 6.0.0
  resolution: "unist-util-is@npm:6.0.0"
  dependencies:
    "@types/unist": "npm:^3.0.0"
  checksum: 10c0/9419352181eaa1da35eca9490634a6df70d2217815bb5938a04af3a662c12c5607a2f1014197ec9c426fbef18834f6371bfdb6f033040fa8aa3e965300d70e7e
  languageName: node
  linkType: hard

"unist-util-stringify-position@npm:^4.0.0":
  version: 4.0.0
  resolution: "unist-util-stringify-position@npm:4.0.0"
  dependencies:
    "@types/unist": "npm:^3.0.0"
  checksum: 10c0/dfe1dbe79ba31f589108cb35e523f14029b6675d741a79dea7e5f3d098785045d556d5650ec6a8338af11e9e78d2a30df12b1ee86529cded1098da3f17ee999e
  languageName: node
  linkType: hard

"unist-util-visit-parents@npm:^6.0.0":
  version: 6.0.1
  resolution: "unist-util-visit-parents@npm:6.0.1"
  dependencies:
    "@types/unist": "npm:^3.0.0"
    unist-util-is: "npm:^6.0.0"
  checksum: 10c0/51b1a5b0aa23c97d3e03e7288f0cdf136974df2217d0999d3de573c05001ef04cccd246f51d2ebdfb9e8b0ed2704451ad90ba85ae3f3177cf9772cef67f56206
  languageName: node
  linkType: hard

"unist-util-visit@npm:^5.0.0":
  version: 5.0.0
  resolution: "unist-util-visit@npm:5.0.0"
  dependencies:
    "@types/unist": "npm:^3.0.0"
    unist-util-is: "npm:^6.0.0"
    unist-util-visit-parents: "npm:^6.0.0"
  checksum: 10c0/51434a1d80252c1540cce6271a90fd1a106dbe624997c09ed8879279667fb0b2d3a685e02e92bf66598dcbe6cdffa7a5f5fb363af8fdf90dda6c855449ae39a5
  languageName: node
  linkType: hard

"util-deprecate@npm:^1.0.1":
  version: 1.0.2
  resolution: "util-deprecate@npm:1.0.2"
  checksum: 10c0/41a5bdd214df2f6c3ecf8622745e4a366c4adced864bc3c833739791aeeeb1838119af7daed4ba36428114b5c67dcda034a79c882e97e43c03e66a4dd7389942
  languageName: node
  linkType: hard

"uuid@npm:^10.0.0":
  version: 10.0.0
  resolution: "uuid@npm:10.0.0"
  bin:
    uuid: dist/bin/uuid
  checksum: 10c0/eab18c27fe4ab9fb9709a5d5f40119b45f2ec8314f8d4cf12ce27e4c6f4ffa4a6321dc7db6c515068fa373c075b49691ba969f0010bf37f44c37ca40cd6bf7fe
  languageName: node
  linkType: hard

"vfile-message@npm:^4.0.0":
  version: 4.0.2
  resolution: "vfile-message@npm:4.0.2"
  dependencies:
    "@types/unist": "npm:^3.0.0"
    unist-util-stringify-position: "npm:^4.0.0"
  checksum: 10c0/07671d239a075f888b78f318bc1d54de02799db4e9dce322474e67c35d75ac4a5ac0aaf37b18801d91c9f8152974ea39678aa72d7198758b07f3ba04fb7d7514
  languageName: node
  linkType: hard

"vfile@npm:^6.0.0":
  version: 6.0.3
  resolution: "vfile@npm:6.0.3"
  dependencies:
    "@types/unist": "npm:^3.0.0"
    vfile-message: "npm:^4.0.0"
  checksum: 10c0/e5d9eb4810623f23758cfc2205323e33552fb5972e5c2e6587babe08fe4d24859866277404fb9e2a20afb71013860d96ec806cb257536ae463c87d70022ab9ef
  languageName: node
  linkType: hard

"wrappy@npm:1":
  version: 1.0.2
  resolution: "wrappy@npm:1.0.2"
  checksum: 10c0/56fece1a4018c6a6c8e28fbc88c87e0fbf4ea8fd64fc6c63b18f4acc4bd13e0ad2515189786dd2c30d3eec9663d70f4ecf699330002f8ccb547e4a18231fc9f0
  languageName: node
  linkType: hard

"zwitch@npm:^2.0.0":
  version: 2.0.4
  resolution: "zwitch@npm:2.0.4"
  checksum: 10c0/3c7830cdd3378667e058ffdb4cf2bb78ac5711214e2725900873accb23f3dfe5f9e7e5a06dcdc5f29605da976fc45c26d9a13ca334d6eea2245a15e77b8fc06e
  languageName: node
  linkType: hard
